github.com/Masterminds/goutils v1.1.0/go.mod h1:8cTjp+g8YejhMuvIA5y2vz3BpJxksy863GQaJW2MFNU=
github.com/Masterminds/semver v1.5.0/go.mod h1:MB6lktGJrhw8PrUyiEoblNEGEQ+RzHPF078ddwwvV3Y=
github.com/Masterminds/sprig v2.22.0+incompatible/go.mod h1:y6hNFY5UBTIWBxnzTeuNhlNS5hqE0NB0E6fgfo2Br3o=
github.com/PuerkitoBio/goquery v1.5.1/go.mod h1:GsLWisAFVj4WgDibEWF4pvYnkVQBpKBKeU+7zCJoLcc=
github.com/andybalholm/brotli v1.0.1/go.mod h1:loMXtMfwqflxFJPmdbJO0a3KNoPuLBgiu3qAvBg8x/Y=
github.com/andybalholm/brotli v1.0.4 h1:V7DdXeJtZscaqfNuAdSRuRFzuiKlHSC/Zh3zl9qY3JY=
github.com/andybalholm/brotli v1.0.4/go.mod h1:fO7iG3H7G2nSZ7m0zPUDn85XEX2GTukHGRSepvi9Eig=
github.com/andybalholm/cascadia v1.1.0/go.mod h1:GsXiBklL0woXo1j/WYWtSYYC4ouU9PqHO0sqidkEA4Y=
github.com/barnex/fmath v0.0.0-20150108074215-ec9671f295c2/go.mod h1:G7XW+2O6Hk/x6OP8AuwZjI8ZTyXvKDTTKaRK92gapfk=
github.com/beevik/etree v1.1.0 h1:T0xke/WvNtMoCqgzPhkX2r4rjY3GDZFi+FjpRZY2Jbs=
github.com/beevik/etree v1.1.0/go.mod h1:r8Aw8JqVegEf0w2fDnATrX9VpkMcyFeM0FhwO62wh+A=
github.com/benesch/cgosymbolizer v0.0.0-20190515212042-bec6fe6e597b/go.mod h1:eMD2XUcPsHYbakFEocKrWZp47G0MRJYoC60qFblGjpA=
github.com/creack/pty v1.1.9/go.mod h1:oKZEueFk5CKHvIhNR5MUki03XCEU+Q6VDXinZuGJ33E=
github.com/davecgh/go-spew v1.1.0/go.mod h1:J7Y8YcW2NihsgmVo/mv3lAwl/skON4iLHjSsI+c5H38=
github.com/davecgh/go-spew v1.1.1 h1:vj9j/u1bqnvCEfJOwUhtlOARqs3+rkHYY13jYWTU97c=
github.com/davecgh/go-spew v1.1.1/go.mod h1:J7Y8YcW2NihsgmVo/mv3lAwl/skON4iLHjSsI+c5H38=
github.com/deckarep/golang-set v1.8.0 h1:sk9/l/KqpunDwP7pSjUg0keiOOLEnOBHzykLrsPppp4=
github.com/deckarep/golang-set v1.8.0/go.mod h1:5nI87KwE7wgsBU1F4GKAw2Qod7p5kyS383rP6+o6qqo=
github.com/denisenkom/go-mssqldb v0.0.0-20191124224453-732737034ffd h1:83Wprp6ROGeiHFAP8WJdI2RoxALQYgdllERc3N5N2DM=
github.com/denisenkom/go-mssqldb v0.0.0-20191124224453-732737034ffd/go.mod h1:xbL0rPBG9cCiLr28tMa8zpbdarY27NDyej4t/EjAShU=
github.com/devork/geom v0.0.5 h1:fwn6W5m3jHa4bZ1s8inC7ZGE3d+0PzfXTT+d9y8wp/Y=
github.com/devork/geom v0.0.5/go.mod h1:8Wn8UNIJlX3waA51IiE8NHPWm1JFITeKJfxmYcK+hYg=
github.com/dsnet/compress v0.0.2-0.20210315054119-f66993602bf5 h1:iFaUwBSo5Svw6L7HYpRu/0lE3e0BaElwnNO1qkNQxBY=
github.com/dsnet/compress v0.0.2-0.20210315054119-f66993602bf5/go.mod h1:qssHWj60/X5sZFNxpG4HBPDHVqxNm4DfnCKgrbZOT+s=
github.com/dsnet/golib v0.0.0-20171103203638-1ea166775780/go.mod h1:Lj+Z9rebOhdfkVLjJ8T6VcRQv3SXugXy999NBtR9aFY=
github.com/erikstmartin/go-testdb v0.0.0-20160219214506-8d10e4a1bae5 h1:Yzb9+7DPaBjB8zlTR87/ElzFsnQfuHnVUVqpZZIcV5Y=
github.com/erikstmartin/go-testdb v0.0.0-20160219214506-8d10e4a1bae5/go.mod h1:a2zkGnVExMxdzMo3M0Hi/3sEU+cWnZpSni0O6/Yb/P0=
github.com/flywave/freetype v0.0.0-20200612054648-f2aab071ba59/go.mod h1:r29LELyH+xbhmZzB6b+fi/LyejOZEr3U1n3oMSam6Kg=
github.com/flywave/gg v1.3.1-0.20210910115449-fe7fd154baa2 h1:SZ2wf9CRJUZW7G/oLyTjVDF8kGgSV/9681AotxImn00=
github.com/flywave/gg v1.3.1-0.20210910115449-fe7fd154baa2/go.mod h1:s/8EzlwCbZATQQ//rH8jEJykODpa4yFfe4h83KjGJUI=
github.com/flywave/go-cog v0.0.0-20220109113741-c4b8ae8c49be/go.mod h1:HFGxELqo3hfCLdPMd6NAeFEFvyIwScLkConxWG4Lbx8=
github.com/flywave/go-cog v0.0.0-20220120065707-cc2252bb3ec2 h1:y65AoEoSR2BsNwPSV+1jXtajxr4vA+eU1Ze/eVQFpRU=
github.com/flywave/go-cog v0.0.0-20220120065707-cc2252bb3ec2/go.mod h1:HFGxELqo3hfCLdPMd6NAeFEFvyIwScLkConxWG4Lbx8=
github.com/flywave/go-cog v0.0.0-20220209090615-63c2af73d539 h1:gnDuwEnEJcgbM1YbX4uKrkzHhIm1/IWhxZScBDb99x8=
github.com/flywave/go-cog v0.0.0-20220209090615-63c2af73d539/go.mod h1:HFGxELqo3hfCLdPMd6NAeFEFvyIwScLkConxWG4Lbx8=
github.com/flywave/go-geo v0.0.0-20211215003832-1f14b4f215cb/go.mod h1:cItmd/n/fqdnoD/BxZWbjq4eFq0PvIukWoz/u7ini7U=
github.com/flywave/go-geo v0.0.0-20211222073119-5fae1ce6a5c5/go.mod h1:cItmd/n/fqdnoD/BxZWbjq4eFq0PvIukWoz/u7ini7U=
github.com/flywave/go-geo v0.0.0-20220126075414-6c3011149e1f h1:hwT8pWg65zan9wh7daO/rw+FY7MctFC4uwC6kcOpzzI=
github.com/flywave/go-geo v0.0.0-20220126075414-6c3011149e1f/go.mod h1:cItmd/n/fqdnoD/BxZWbjq4eFq0PvIukWoz/u7ini7U=
github.com/flywave/go-geoid v0.0.0-20210705014121-cd8f70cb88bb h1:cfvIpGcu887EYg+ydfMj+hWSHHjxBBu066XK2+rKAQc=
github.com/flywave/go-geoid v0.0.0-20210705014121-cd8f70cb88bb/go.mod h1:ndXH2J5+CsynPtyL7oihZtN8rRxJ8kpqqwy2DOa86OQ=
github.com/flywave/go-geom v0.0.0-20210604134758-e972b6e6956d/go.mod h1:whIEyVfpaBVcYiDCnnc4IJg5CI5KpLC3quy95YJ1W9I=
github.com/flywave/go-geom v0.0.0-20210705081559-eee15cf4b503/go.mod h1:zBBwuspACsxCjH/Go44Ogi4hk9ie03VGSzkCbq8mCW4=
github.com/flywave/go-geom v0.0.0-20210811013133-346faa537513/go.mod h1:yrZ0GpfBo96R17y3jt5tDdY2iq+bTSLctfcW8Bko1O0=
github.com/flywave/go-geom v0.0.0-20211203095201-a29586a4f4c2/go.mod h1:yrZ0GpfBo96R17y3jt5tDdY2iq+bTSLctfcW8Bko1O0=
github.com/flywave/go-geom v0.0.0-20211230100258-27b9a5f30082/go.mod h1:yrZ0GpfBo96R17y3jt5tDdY2iq+bTSLctfcW8Bko1O0=
github.com/flywave/go-geom v0.0.0-20220126050849-e33a48d71477 h1:efVIY/FdECqUbCP4lWRxotgl5r+7lPnY54lctPgdrwI=
github.com/flywave/go-geom v0.0.0-20220126050849-e33a48d71477/go.mod h1:yrZ0GpfBo96R17y3jt5tDdY2iq+bTSLctfcW8Bko1O0=
github.com/flywave/go-geos v0.0.0-20210901070302-5537e39a4985/go.mod h1:2CKYxCmQE8aQzzVrw23MLuMmC/BA5EvVIdvUaPkeAKI=
github.com/flywave/go-geos v0.0.0-20210924031454-d16b758e2026 h1:ccxFo1tlib18fLXah8jDwIeTJjvFZqW+IcjsCo7UnZA=
github.com/flywave/go-geos v0.0.0-20210924031454-d16b758e2026/go.mod h1:5nZRI3ua5qOepZ7Vd8uTWjIRI8hIMWoxdDVU7rH26RQ=
github.com/flywave/go-geotiff v0.0.0-20210730100939-aadf13b7cc54/go.mod h1:EJFPW3SUG56OqOQ9fyEJHf+N9Svpcv1sHb2WV/Gno5c=
github.com/flywave/go-gpkg v0.0.0-20211215020551-c4e5f7d53419 h1:itoqmyEno9TeAN7h8zz5QLqZzm7nE4bAtt0Hm+2BwmA=
github.com/flywave/go-gpkg v0.0.0-20211215020551-c4e5f7d53419/go.mod h1:L34aOG4eu416BlBFsWZQtfarIt5soGcNm+tg6o99eDw=
github.com/flywave/go-gpx v1.2.2-0.20211027141055-7fa376dde073 h1:KCBVl4L/mMSifZngABssSfVHYGic5mxCFqPV0Eek5aY=
github.com/flywave/go-gpx v1.2.2-0.20211027141055-7fa376dde073/go.mod h1:99GDcGrSIKJFM7Zd7yHsZP8OOP0X0s36yQmviMAOBl4=
github.com/flywave/go-lerc v0.0.0-20210724083528-61c70a1b0bc9 h1:0XyPXUfne9rwAuqnZcTgZirpm7RlAcXGA1C4MkXPF5Y=
github.com/flywave/go-lerc v0.0.0-20210724083528-61c70a1b0bc9/go.mod h1:ViGRrCXmuOf68/rpxR2fHy9nKOxdCKgCFd5+/iyWRTs=
github.com/flywave/go-mapbox v0.0.0-20211214141607-a6ac10dbb5a6/go.mod h1:pQYpFqxVJ+exzOMOdYYOQRQpB0Fpkjt+iPiZeklu+9s=
github.com/flywave/go-mapbox v0.0.0-20220112091059-1fc58fbea09a h1:48J8urJt9sdjTR+zB3VuTZ6+V0bqwlUkyaa7aEvBwWc=
github.com/flywave/go-mapbox v0.0.0-20220112091059-1fc58fbea09a/go.mod h1:TBf+TMsJLRzvLD12aech9WVy6u6xfaby3uN0Gz/Qywc=
github.com/flywave/go-mbgeom v0.0.0-20210821110930-83e1f4ab8cf4 h1:hxK07K6obrhfqjbCOPR9SGoQs79KOF6i9T5ZxqmpqO4=
github.com/flywave/go-mbgeom v0.0.0-20210821110930-83e1f4ab8cf4/go.mod h1:sUjJf2Kd42EOnBtA8lSTYUhUso0Bxu+CYpPEC/l3wks=
github.com/flywave/go-obj v0.0.0-20210526030750-7674effc90f7 h1:voEDsqS6skCwuM7ZphbxrsKd7DqtpMRlDUsmO5Tl1T0=
github.com/flywave/go-obj v0.0.0-20210526030750-7674effc90f7/go.mod h1:+yO+PGuuoa4ti3kBBXNrtmlQ2KR1WlfQMPHWOMObcnU=
github.com/flywave/go-pbf v0.0.0-20210701015929-a3bdb1f6728e h1:BHGfBgDZ5CZlNtaMAgZjes6pP0ZpoDmPR1ePyUaI9Qk=
github.com/flywave/go-pbf v0.0.0-20210701015929-a3bdb1f6728e/go.mod h1:cfHFEG24/0hT2xCSLJb8rT/2WE8ieeIrbOJq1sql/fg=
github.com/flywave/go-proj v0.0.0-20210901061921-dbd10648e538/go.mod h1:arlOMgTGugKsD+yFiKdAipbAKOZU/KIpTJwk5jnjNow=
github.com/flywave/go-proj v0.0.0-20211209093409-2767c426299b/go.mod h1:RX83BRZNwcerL4DIU5TqQyKarhYx8W/cwTMYfSAwXiE=
github.com/flywave/go-proj v0.0.0-20211220121303-46dc797a5cd0 h1:WwkkpYaCJ7fiu2mGQm8fxbizQZapXrs0CCV0YyIofyg=
github.com/flywave/go-proj v0.0.0-20211220121303-46dc797a5cd0/go.mod h1:RX83BRZNwcerL4DIU5TqQyKarhYx8W/cwTMYfSAwXiE=
github.com/flywave/go-quantized-mesh v0.0.0-20210525134750-cb854922974d/go.mod h1:/OSV1sGRbJezuTheaHH6X2Xf/G7MVaOBeHIGQtGpj+0=
github.com/flywave/go-quantized-mesh v0.0.0-20220125011202-ce9494cad6c7 h1:NFufVWzewDogIyWgCfu65QtizAMTjEfFLInA6GuGSXk=
github.com/flywave/go-quantized-mesh v0.0.0-20220125011202-ce9494cad6c7/go.mod h1:Cm+gTfx6E3tyRioEZywWyMNWwRf9NaBUezGmpq1SypQ=
github.com/flywave/go-tin v0.0.0-20220128052358-c71208f6e61b h1:CDYoU7ftgwAo2cHp1FDq+x5dmGqO42Zk0Ci8WFUM1ZA=
github.com/flywave/go-tin v0.0.0-20220128052358-c71208f6e61b/go.mod h1:0hyQ9vusB4J5rKXkvlqa1umPsE3Z7fjTKRYFXvvZbPg=
github.com/flywave/go-xslt v0.0.0-20210730032627-a21173f9ee67 h1:6Ou8nULm9IPDCZ/KBu3amSTiGkY5GmC0d0XQjXHRYcA=
github.com/flywave/go-xslt v0.0.0-20210730032627-a21173f9ee67/go.mod h1:tADSmg0//jibF4kAQCkw36d4w5sUKQB5N4nnBpUxy3I=
github.com/flywave/go3d v0.0.0-20210529142521-14eb5aca1290/go.mod h1:QbQZlarSgCPYFAmoTduiDUd4JCnolimXUswTAnSrFWY=
github.com/flywave/go3d v0.0.0-20211208020909-d2697502845a/go.mod h1:0/K6WtaMwhhVJb84xWStt+ALQl2EdvzW2oJqz+330GU=
github.com/flywave/go3d v0.0.0-20220127053604-48a502c3739e h1:5GSZuJ1ScbM0INvg3mzOXUOP1KjKiu9WOrAqDhS7M1w=
github.com/flywave/go3d v0.0.0-20220127053604-48a502c3739e/go.mod h1:0/K6WtaMwhhVJb84xWStt+ALQl2EdvzW2oJqz+330GU=
github.com/flywave/go3d v0.0.0-20220209071216-2c50e8b3e7ff h1:B4CbtbuGiceyTFkhxrgA4OYw+TseiuU3CDJSQqGLoBU=
github.com/flywave/go3d v0.0.0-20220209071216-2c50e8b3e7ff/go.mod h1:0/K6WtaMwhhVJb84xWStt+ALQl2EdvzW2oJqz+330GU=
github.com/flywave/imaging v1.6.5 h1:4bPIylpgP2ZER3aYPAIhNUCDG8xz8fwCoBNpvk67cHs=
github.com/flywave/imaging v1.6.5/go.mod h1:bRCKaWaLAnzHVHN7PTZw71MxmNZlZ7T9l1Kvlg7+ytY=
github.com/flywave/ogc-osgeo v0.0.0-20220121133505-c3a428aee8fc h1:J7/CqNa53Ad1hwCbh3Hh2PUlSQyesylx5mkoBqQQX54=
github.com/flywave/ogc-osgeo v0.0.0-20220121133505-c3a428aee8fc/go.mod h1:abWx0JGCgNAmti6Bjdc1UYjzmvsLbpWWjdpI7Dn6fDM=
github.com/flywave/webp v1.1.1-0.20211126081049-3e3b8e060704 h1:/qESK2yi5ewSdT+AIz6sH/lBscbrBh/9vifVFcMfp8A=
github.com/flywave/webp v1.1.1-0.20211126081049-3e3b8e060704/go.mod h1:xWrv1dToLSxR2Q/RZbv3q5f1/SYhZxFvfgMtC8TANlU=
github.com/fsnotify/fsnotify v1.4.7/go.mod h1:jwhsz4b93w/PPRr/qN1Yymfu8t87LnFCMoQvtojpjFo=
github.com/go-courier/ptr v1.0.1/go.mod h1:oBnPUcGul7WHILdX53pcWGzGUUJ4GoZ/YaDTnS2Fi/M=
github.com/go-courier/reflectx v1.3.4/go.mod h1:UP/ivAcgLD61WD44dpJlEudkcYN37Tlc5eL1e2E96SQ=
github.com/go-sql-driver/mysql v1.5.0 h1:ozyZYNQW3x3HtqT1jira07DN2PArx2v7/mN66gGcHOs=
github.com/go-sql-driver/mysql v1.5.0/go.mod h1:DCzpHaOWr8IXmIStZouvnhqoel9Qv2LBy8hT2VhHyBg=
github.com/go-test/deep v1.0.1 h1:UQhStjbkDClarlmv0am7OXXO4/GaPdCGiUiMTvi28sg=
github.com/go-test/deep v1.0.1/go.mod h1:wGDj63lr65AM2AQyKZd/NYHGb0R+1RLqB8NKt3aSFNA=
github.com/gobwas/glob v0.2.3 h1:A4xDbljILXROh+kObIiy5kIaPYD8e96x1tgBhUI5J+Y=
github.com/gobwas/glob v0.2.3/go.mod h1:d3Ez4x06l9bZtSvzIay5+Yzi0fmZzPgnTbPcKjJAkT8=
github.com/gofrs/uuid v4.2.0+incompatible h1:yyYWMnhkhrKwwr8gAOcOCYxOOscHgDS9yZgBrnJfGa0=
github.com/gofrs/uuid v4.2.0+incompatible/go.mod h1:b2aQJv3Z4Fp6yNu3cdSllBxTCLRxnplIgP/c0N/04lM=
github.com/golang-sql/civil v0.0.0-20190719163853-cb61b32ac6fe h1:lXe2qZdvpiX5WZkZR4hgp4KJVfY3nMkvmwbVkpv1rVY=
github.com/golang-sql/civil v0.0.0-20190719163853-cb61b32ac6fe/go.mod h1:8vg3r2VgvsThLBIFL93Qb5yWzgyZWhEmBwUJWevAkK0=
github.com/golang/freetype v0.0.0-20170609003504-e2365dfdc4a0 h1:DACJavvAHhabrF08vX0COfcOBJRhZ8lUbR+ZWIs0Y5g=
github.com/golang/freetype v0.0.0-20170609003504-e2365dfdc4a0/go.mod h1:E/TSTwGwJL78qG/PmXZO1EjYhfJinVAhrmmHX6Z8B9k=
github.com/golang/protobuf v1.2.0/go.mod h1:6lQm79b+lXiMfvg/cZm0SGofjICqVBUtrP5yJMmIC1U=
github.com/golang/protobuf v1.5.0/go.mod h1:FsONVRAS9T7sI+LIUmWTfcYkHO4aIWwzhcaSAoJOfIk=
github.com/golang/protobuf v1.5.2/go.mod h1:XVQd3VNwM+JqD3oG2Ue2ip4fOMUkwXdXDdiuN0vRsmY=
github.com/golang/snappy v0.0.2/go.mod h1:/XxbfmMg8lxefKM7IXC3fBNl/7bRcc72aCRzEWrmP2Q=
github.com/golang/snappy v0.0.4 h1:yAGX7huGHXlcLOEtBnF4w7FQwA26wojNCwOYAEhLjQM=
github.com/golang/snappy v0.0.4/go.mod h1:/XxbfmMg8lxefKM7IXC3fBNl/7bRcc72aCRzEWrmP2Q=
github.com/google/go-cmp v0.5.5/go.mod h1:v8dTdLbMG2kIc/vJvl+f65V22dbkXbowE6jgT/gNBxE=
github.com/google/tiff v0.0.0-20161109161721-4b31f3041d9a h1:Mi5lnNcpqYN2M2J52gy1uknSRhfA9BBAPVBd5XfHi+U=
github.com/google/tiff v0.0.0-20161109161721-4b31f3041d9a/go.mod h1:gpYY+jaYz1cbbiPKT9p2ReLdpBTvTRqoKwJ21LdEk+4=
github.com/google/uuid v1.1.1/go.mod h1:TIyPZe4MgqvfeYDBFedMoGGpEw/LqOeaOT+nhxU+yHo=
github.com/hhrutter/lzw v0.0.0-20190829144645-6f07a24e8650 h1:1yY/RQWNSBjJe2GDCIYoLmpWVidrooriUr4QS/zaATQ=
github.com/hhrutter/lzw v0.0.0-20190829144645-6f07a24e8650/go.mod h1:yJBvOcu1wLQ9q9XZmfiPfur+3dQJuIhYQsMGLYcItZk=
github.com/hpcloud/tail v1.0.0/go.mod h1:ab1qPbhIpdTxEkNHXyeSf5vhxWSCs/tWer42PpOxQnU=
github.com/hschendel/stl v1.0.4 h1:DXT5rkiXMUkbKw4Ndi1OYZ/a5SLR35TzxGj46p5Qyf8=
github.com/hschendel/stl v1.0.4/go.mod h1:XQFFLKrq9YTaBpmouDui4JSaxMyAYkpD7elGSSj/y3M=
github.com/huandu/xstrings v1.3.0/go.mod h1:y5/lhBue+AyNmUVz9RLU9xbLR0o4KIIExikq4ovT0aE=
github.com/ianlancetaylor/cgosymbolizer v0.0.0-20210303021718-7cb7081f6b86/go.mod h1:a5aratAVTWyz+nJMmDsN8O4XTfaLfdAsB1ysCmZX5Bw=
github.com/imdario/mergo v0.3.9/go.mod h1:2EnlNZ0deacrJVfApfmtdGgDfMuh/nq6Ok1EcJh5FfA=
github.com/jinzhu/gorm v1.9.16 h1:+IyIjPEABKRpsu/F8OvDPy9fyQlgsg2luMV2ZIH5i5o=
github.com/jinzhu/gorm v1.9.16/go.mod h1:G3LB3wezTOWM2ITLzPxEXgSkOXAntiLHS7UdBefADcs=
github.com/jinzhu/inflection v1.0.0 h1:K317FqzuhWc8YvSVlFMCCUb36O/S9MCKRDI7QkRKD/E=
github.com/jinzhu/inflection v1.0.0/go.mod h1:h+uFLlag+Qp1Va5pdKtLDYj+kHp5pxUVkryuEj+Srlc=
github.com/jinzhu/now v1.0.1 h1:HjfetcXq097iXP0uoPCdnM4Efp5/9MsM0/M+XOTeR3M=
github.com/jinzhu/now v1.0.1/go.mod h1:d3SSVoowX0Lcu0IBviAWJpolVfI5UJVZZ7cO71lE/z8=
github.com/kennygrant/sanitize v1.2.4 h1:gN25/otpP5vAsO2djbMhF/LQX6R7+O1TB4yv8NzpJ3o=
github.com/kennygrant/sanitize v1.2.4/go.mod h1:LGsjYYtgxbetdg5owWB2mpgUL6e2nfw2eObZ0u0qvak=
github.com/klauspost/compress v1.4.1/go.mod h1:RyIbtBH6LamlWaDj8nUwkbUhJ87Yi3uG0guNDohfE1A=
github.com/klauspost/compress v1.11.4/go.mod h1:aoV0uJVorq1K+umq18yTdKaF57EivdYsUV+/s2qKfXs=
github.com/klauspost/compress v1.14.2 h1:S0OHlFk/Gbon/yauFJ4FfJJF5V0fc5HbBTJazi28pRw=
github.com/klauspost/compress v1.14.2/go.mod h1:/3/Vjq9QcHkK5uEr5lBEmyoZ1iFhe47etQ6QUkpK6sk=
github.com/klauspost/cpuid v1.2.0/go.mod h1:Pj4uuM528wm8OyEC2QMXAi2YiTZ96dNQPGgoMS4s3ek=
github.com/klauspost/pgzip v1.2.5 h1:qnWYvvKqedOF2ulHpMG72XQol4ILEJ8k2wwRl/Km8oE=
github.com/klauspost/pgzip v1.2.5/go.mod h1:Ch1tH69qFZu15pkjo5kYi6mth2Zzwzt50oCQKQE9RUs=
github.com/kr/pretty v0.1.0/go.mod h1:dAy3ld7l9f0ibDNOQOHHMYYIIbhfbHSm3C4ZsoJORNo=
github.com/kr/pretty v0.2.1/go.mod h1:ipq/a2n7PKx3OHsz4KJII5eveXtPO4qwEXGdVfWzfnI=
github.com/kr/pretty v0.3.0 h1:WgNl7dwNpEZ6jJ9k1snq4pZsg7DOEN8hP9Xw0Tsjwk0=
github.com/kr/pretty v0.3.0/go.mod h1:640gp4NfQd8pI5XOwp5fnNeVWj67G7CFk/SaSQn7NBk=
github.com/kr/pty v1.1.1/go.mod h1:pFQYn66WHrOpPYNljwOMqo10TkYh1fy3cYio2l3bCsQ=
github.com/kr/text v0.1.0/go.mod h1:4Jbv+DJW3UT/LiOwJeYQe1efqtUx/iVham/4vfdArNI=
github.com/kr/text v0.2.0 h1:5Nx0Ya0ZqY2ygV366QzturHI13Jq95ApcVaJBhpS+AY=
github.com/kr/text v0.2.0/go.mod h1:eLer722TekiGuMkidMxC/pM04lWEeraHUUmBw8l2grE=
github.com/lib/pq v1.1.1 h1:sJZmqHoEaY7f+NPP8pgLB/WxulyR3fewgCM2qaSlBb4=
github.com/lib/pq v1.1.1/go.mod h1:5WUZQaWbwv1U+lTReE5YruASi9Al49XbQIvNi/34Woo=
github.com/lucasb-eyer/go-colorful v1.2.0 h1:1nnpGOrhyZZuNyfu1QjKiUICQ74+3FNCN69Aj6K7nkY=
github.com/lucasb-eyer/go-colorful v1.2.0/go.mod h1:R4dSotOR9KMtayYi1e77YzuveK+i7ruzyGqttikkLy0=
github.com/mattn/go-sqlite3 v1.14.0/go.mod h1:JIl7NbARA7phWnGvh0LKTyg7S9BA+6gx71ShQilpsus=
github.com/mattn/go-sqlite3 v1.14.8/go.mod h1:NyWgC/yNuGj7Q9rpYnZvas74GogHl5/Z4A/KQRfk6bU=
github.com/mattn/go-sqlite3 v1.14.10 h1:MLn+5bFRlWMGoSRmJour3CL1w/qL96mvipqpwQW/Sfk=
github.com/mattn/go-sqlite3 v1.14.10/go.mod h1:NyWgC/yNuGj7Q9rpYnZvas74GogHl5/Z4A/KQRfk6bU=
github.com/mholt/archiver/v3 v3.5.1 h1:rDjOBX9JSF5BvoJGvjqK479aL70qh9DIpZCl+k7Clwo=
github.com/mholt/archiver/v3 v3.5.1/go.mod h1:e3dqJ7H78uzsRSEACH1joayhuSyhnonssnDhppzS1L4=
github.com/mitchellh/copystructure v1.0.0/go.mod h1:SNtv71yrdKgLRyLFxmLdkAbkKEFWgYaq1OVrnRcwhnw=
github.com/mitchellh/reflectwalk v1.0.0/go.mod h1:mSTlrgnPZtwu0c4WaC2kGObEpuNDbx0jmZXqmk4esnw=
github.com/nlnwa/whatwg-url v0.1.0 h1:nJcUTPO+K/jjP7ZsrALylQ8a7XtDDvh0aqGDMdKO4co=
github.com/nlnwa/whatwg-url v0.1.0/go.mod h1:L97nLsTBZQV+fZTyMl1z6RdDhqgGzZTMmrpTkZDEdts=
github.com/nwaples/rardecode v1.1.0/go.mod h1:5DzqNKiOdpKKBH87u8VlvAnPZMXcGRhxWkRpHbbfGS0=
github.com/nwaples/rardecode v1.1.2 h1:Cj0yZY6T1Zx1R7AhTbyGSALm44/Mmq+BAPc4B/p/d3M=
github.com/nwaples/rardecode v1.1.2/go.mod h1:5DzqNKiOdpKKBH87u8VlvAnPZMXcGRhxWkRpHbbfGS0=
github.com/onsi/ginkgo v1.6.0/go.mod h1:lLunBs/Ym6LB5Z9jYTR76FiuTmxDTDusOGeTQH+WWjE=
github.com/onsi/gomega v1.9.0/go.mod h1:Ho0h+IUsWyvy1OpqCwxlQ/21gkhVunqlU8fDGcoTdcA=
github.com/paulmach/go.geojson v1.4.0 h1:5x5moCkCtDo5x8af62P9IOAYGQcYHtxz2QJ3x1DoCgY=
github.com/paulmach/go.geojson v1.4.0/go.mod h1:YaKx1hKpWF+T2oj2lFJPsW/t1Q5e1jQI61eoQSTwpIs=
github.com/pierrec/lz4/v4 v4.1.2/go.mod h1:gZWDp/Ze/IJXGXf23ltt2EXimqmTUXEy0GFuRQyBid4=
github.com/pierrec/lz4/v4 v4.1.12 h1:44l88ehTZAUGW4VlO1QC4zkilL99M6Y9MXNwEs0uzP8=
github.com/pierrec/lz4/v4 v4.1.12/go.mod h1:gZWDp/Ze/IJXGXf23ltt2EXimqmTUXEy0GFuRQyBid4=
github.com/pkg/diff v0.0.0-20210226163009-20ebb0f2a09e/go.mod h1:pJLUxLENpZxwdsKMEsNbx1VGcRFpLqf3715MtcvvzbA=
github.com/pkg/errors v0.9.1 h1:FEBLx1zS214owpjy7qsBeixbURkuhQAwrK5UwLGTwt4=
github.com/pkg/errors v0.9.1/go.mod h1:bwawxfHBFNV+L2hUp1rHADufV3IMtnDRdf1r5NINEl0=
github.com/pmezard/go-difflib v1.0.0 h1:4DBwDE0NGyQoBHbLQYPwSUPoCMWR5BEzIk/f1lZbAQM=
github.com/pmezard/go-difflib v1.0.0/go.mod h1:iKH77koFhYxTK1pcRnkKkqfTogsbg7gZNVY4sRDYZ/4=
github.com/qmuntal/gltf v0.20.3 h1:9oW6IAgHROZjwBcEVgkBhH1SR/7TLlVfSn6VDr/2h3E=
github.com/qmuntal/gltf v0.20.3/go.mod h1:ENqYfECmeaqs2BWXWe6OKtMC8ucZII6s9OHr6F5oZ94=
github.com/rogpeppe/go-internal v1.6.1/go.mod h1:xXDCJY+GAPziupqXw64V24skbSoqbTEfhy4qGm1nDQc=
github.com/rogpeppe/go-internal v1.8.0/go.mod h1:WmiCO8CzOY8rg0OYDC4/i/2WRWAB6poM+XZ2dLUbcbE=
github.com/rogpeppe/go-internal v1.8.1 h1:geMPLpDpQOgVyCg5z5GoRwLHepNdb71NXb67XFkP+Eg=
github.com/rogpeppe/go-internal v1.8.1/go.mod h1:JeRgkft04UBgHMgCIwADu4Pn6Mtm5d4nPKWu0nJ5d+o=
github.com/stretchr/objx v0.1.0/go.mod h1:HFkY916IF+rwdDfMAkV7OtwuqBVzrE8GR6GFx+wExME=
github.com/stretchr/testify v1.6.1/go.mod h1:6Fq8oRcR53rry900zMqJjRRixrwX3KX962/h/Wwjteg=
github.com/stretchr/testify v1.7.0 h1:nwc3DEeHmmLAfoZucVR881uASk0Mfjw8xYJ99tb5CcY=
github.com/stretchr/testify v1.7.0/go.mod h1:6Fq8oRcR53rry900zMqJjRRixrwX3KX962/h/Wwjteg=
github.com/twpayne/go-kml v1.5.2/go.mod h1:kz8jAiIz6FIdU2Zjce9qGlVtgFYES9vt7BTPBHf5jl4=
github.com/twpayne/go-polyline v1.0.0/go.mod h1:ICh24bcLYBX8CknfvNPKqoTbe+eg+MX1NPyJmSBo7pU=
github.com/twpayne/go-waypoint v0.0.0-20200706203930-b263a7f6e4e8/go.mod h1:qj5pHncxKhu9gxtZEYWypA/z097sxhFlbTyOyt9gcnU=
github.com/ulikunitz/xz v0.5.8/go.mod h1:nbz6k7qbPmH4IRqmfOplQw/tblSgqTqBwxkY0oWt/14=
github.com/ulikunitz/xz v0.5.9/go.mod h1:nbz6k7qbPmH4IRqmfOplQw/tblSgqTqBwxkY0oWt/14=
github.com/ulikunitz/xz v0.5.10 h1:t92gobL9l3HE202wg3rlk19F6X+JOxl9BBrCCMYEYd8=
github.com/ulikunitz/xz v0.5.10/go.mod h1:nbz6k7qbPmH4IRqmfOplQw/tblSgqTqBwxkY0oWt/14=
github.com/willf/bitset v1.1.10 h1:NotGKqX0KwQ72NUzqrjZq5ipPNDQex9lo3WpaS8L2sc=
github.com/willf/bitset v1.1.10/go.mod h1:RjeCKbqT1RxIR/KWY6phxZiaY1IyutSBfGjNPySAYV4=
github.com/xi2/xz v0.0.0-20171230120015-48954b6210f8 h1:nIPpBwaJSVYIxUFsDv3M8ofmx9yWTog9BfvIu0q41lo=
github.com/xi2/xz v0.0.0-20171230120015-48954b6210f8/go.mod h1:HUYIGzjTL3rfEspMxjDjgmT5uz5wzYJKVo23qUhYTos=
golang.org/x/crypto v0.0.0-20190308221718-c2843e01d9a2/go.mod h1:djNgcEr1/C05ACkg1iLfiJU5Ep61QUkGW8qpdssI0+w=
golang.org/x/crypto v0.0.0-20190325154230-a5d413f7728c/go.mod h1:djNgcEr1/C05ACkg1iLfiJU5Ep61QUkGW8qpdssI0+w=
golang.org/x/crypto v0.0.0-20191205180655-e7c4368fe9dd/go.mod h1:LzIPMQfyMNhhGPhUkYOs5KpL4U8rLKemX1yGLhDgUto=
golang.org/x/crypto v0.0.0-20200323165209-0ec3e9974c59/go.mod h1:LzIPMQfyMNhhGPhUkYOs5KpL4U8rLKemX1yGLhDgUto=
golang.org/x/crypto v0.0.0-20200622213623-75b288015ac9/go.mod h1:LzIPMQfyMNhhGPhUkYOs5KpL4U8rLKemX1yGLhDgUto=
golang.org/x/crypto v0.0.0-20220112180741-5e0467b6c7ce h1:Roh6XWxHFKrPgC/EQhVubSAGQ6Ozk6IdxHSzt1mR0EI=
golang.org/x/crypto v0.0.0-20220112180741-5e0467b6c7ce/go.mod h1:IxCIyHEi3zRg3s0A5j5BB6A9Jmi73HwBIUl50j+osU4=
golang.org/x/image v0.0.0-20191009234506-e7c1f5e7dbb8/go.mod h1:FeLwcggjj3mMvU+oOTbSwawSJRM1uh48EjtB4UJZlP0=
golang.org/x/image v0.0.0-20200609002522-3f4726a040e8/go.mod h1:FeLwcggjj3mMvU+oOTbSwawSJRM1uh48EjtB4UJZlP0=
golang.org/x/image v0.0.0-20210628002857-a66eb6448b8d/go.mod h1:023OzeP/+EPmXeapQh35lcL3II3LrY8Ic+EFFKVhULM=
golang.org/x/image v0.0.0-20211028202545-6944b10bf410 h1:hTftEOvwiOq2+O8k2D5/Q7COC7k5Qcrgc2TFURJYnvQ=
golang.org/x/image v0.0.0-20211028202545-6944b10bf410/go.mod h1:023OzeP/+EPmXeapQh35lcL3II3LrY8Ic+EFFKVhULM=
golang.org/x/net v0.0.0-20180218175443-cbe0f9307d01/go.mod h1:mL1N/T3taQHkDXs73rZJwtUhF3w3ftmwwsq0BUmARs4=
golang.org/x/net v0.0.0-20180906233101-161cd47e91fd/go.mod h1:mL1N/T3taQHkDXs73rZJwtUhF3w3ftmwwsq0BUmARs4=
golang.org/x/net v0.0.0-20190404232315-eb5bcb51f2a3/go.mod h1:t9HGtf8HONx5eT2rtn7q6eTqICYqUVnKs3thJo3Qplg=
golang.org/x/net v0.0.0-20200202094626-16171245cfb2/go.mod h1:z5CRVTTTmAJ677TzLLGU+0bjPO0LkuOLi4/5GtJWs/s=
golang.org/x/net v0.0.0-20200324143707-d3edc9973b7e/go.mod h1:qpuaurCH72eLCgpAm/N6yyVIVM9cpaDIP3A8BGJEC5A=
golang.org/x/net v0.0.0-20201020065357-d65d470038a5/go.mod h1:sp8m0HH+o8qH0wwXwYZr8TS3Oi6o0r6Gce1SSxlDquU=
golang.org/x/net v0.0.0-20210410081132-afb366fc7cd1/go.mod h1:9tjilg8BloeKEkVJvy7fQ90B1CfIiPueXVOjqfkSzI8=
golang.org/x/net v0.0.0-20211112202133-69e39bad7dc2/go.mod h1:9nx3DQGgdP8bBQD5qxJ1jj9UTztislL4KSBs9R2vV5Y=
golang.org/x/net v0.0.0-20220127074510-2fabfed7e28f h1:o66Bv9+w/vuk7Krcig9jZqD01FP7BL8OliFqqw0xzPI=
golang.org/x/net v0.0.0-20220127074510-2fabfed7e28f/go.mod h1:CfG3xpIq0wQ8r1q4Su4UZFWDARRcnwPjda9FqA0JpMk=
golang.org/x/sync v0.0.0-20180314180146-1d60e4601c6f/go.mod h1:RxMgew5VJxzue5/jJTE5uejpjVlOe/izrB70Jof72aM=
golang.org/x/sys v0.0.0-20180909124046-d0be0721c37e/go.mod h1:STP8DvDyc/dI5b8T5hshtkjS+E42TnysNCUPdjciGhY=
golang.org/x/sys v0.0.0-20190215142949-d0b11bdaac8a/go.mod h1:STP8DvDyc/dI5b8T5hshtkjS+E42TnysNCUPdjciGhY=
golang.org/x/sys v0.0.0-20190412213103-97732733099d/go.mod h1:h1NjWce9XRLGQEsW7wpKNCjG9DtNlClVuFLEZdDNbEs=
golang.org/x/sys v0.0.0-20200323222414-85ca7c5b95cd/go.mod h1:h1NjWce9XRLGQEsW7wpKNCjG9DtNlClVuFLEZdDNbEs=
golang.org/x/sys v0.0.0-20200930185726-fdedc70b468f/go.mod h1:h1NjWce9XRLGQEsW7wpKNCjG9DtNlClVuFLEZdDNbEs=
golang.org/x/sys v0.0.0-20201119102817-f84b799fce68/go.mod h1:h1NjWce9XRLGQEsW7wpKNCjG9DtNlClVuFLEZdDNbEs=
golang.org/x/sys v0.0.0-20210330210617-4fbd30eecc44/go.mod h1:h1NjWce9XRLGQEsW7wpKNCjG9DtNlClVuFLEZdDNbEs=
golang.org/x/sys v0.0.0-20210423082822-04245dca01da/go.mod h1:h1NjWce9XRLGQEsW7wpKNCjG9DtNlClVuFLEZdDNbEs=
golang.org/x/sys v0.0.0-20210615035016-665e8c7367d1/go.mod h1:oPkhp1MJrh7nUepCBck5+mAzfO9JrbApNNgaTdGDITg=
golang.org/x/sys v0.0.0-20211216021012-1d35b9e2eb4e/go.mod h1:oPkhp1MJrh7nUepCBck5+mAzfO9JrbApNNgaTdGDITg=
golang.org/x/sys v0.0.0-20220114195835-da31bd327af9 h1:XfKQ4OlFl8okEOr5UvAqFRVj8pY/4yfcXrddB8qAbU0=
golang.org/x/sys v0.0.0-20220114195835-da31bd327af9/go.mod h1:oPkhp1MJrh7nUepCBck5+mAzfO9JrbApNNgaTdGDITg=
golang.org/x/term v0.0.0-20201126162022-7de9c90e9dd1/go.mod h1:bj7SfCRtBDWHUb9snDiAeCFNEtKQo2Wmx5Cou7ajbmo=
golang.org/x/term v0.0.0-20210927222741-03fcf44c2211/go.mod h1:jbD1KX2456YbFQfuXm/mYQcufACuNUgVhRMnK/tPxf8=
golang.org/x/text v0.3.0/go.mod h1:NqM8EUOU14njkJ3fqMW+pc6Ldnwhi/IjpwHt7yyuwOQ=
golang.org/x/text v0.3.3/go.mod h1:5Zoc/QRtKVWzQhOtBMvqHzDpF6irO9z98xDceosuGiQ=
golang.org/x/text v0.3.6/go.mod h1:5Zoc/QRtKVWzQhOtBMvqHzDpF6irO9z98xDceosuGiQ=
golang.org/x/text v0.3.7 h1:olpwvP2KacW1ZWvsR7uQhoyTYvKAupfQrRGBFM352Gk=
golang.org/x/text v0.3.7/go.mod h1:u+2+/6zg+i71rQMx5EYifcz6MCKuco9NR6JIITiCfzQ=
golang.org/x/tools v0.0.0-20180917221912-90fa682c2a6e/go.mod h1:n7NCudcB/nEzxVGmLbDWY5pfWTLqBcC2KZ6jyYvM4mQ=
golang.org/x/xerrors v0.0.0-20190717185122-a985d3407aa7/go.mod h1:I/5z698sn9Ka8TeJc9MKroUUfqBBauWjQqLJ2OPfmY0=
golang.org/x/xerrors v0.0.0-20191204190536-9bdfabe68543/go.mod h1:I/5z698sn9Ka8TeJc9MKroUUfqBBauWjQqLJ2OPfmY0=
google.golang.org/protobuf v1.26.0-rc.1/go.mod h1:jlhhOSvTdKEhbULTjvd4ARK9grFBp09yW+WbY/TyQbw=
google.golang.org/protobuf v1.26.0/go.mod h1:9q0QmTI4eRPtz6boOQmLYwt+qCgq0jsYwAQnmE0givc=
google.golang.org/protobuf v1.27.1/go.mod h1:9q0QmTI4eRPtz6boOQmLYwt+qCgq0jsYwAQnmE0givc=
gopkg.in/check.v1 v0.0.0-20161208181325-20d25e280405/go.mod h1:Co6ibVJAznAaIkqp8huTwlJQCZ016jof/cbN4VW5Yz0=
gopkg.in/check.v1 v1.0.0-20180628173108-788fd7840127/go.mod h1:Co6ibVJAznAaIkqp8huTwlJQCZ016jof/cbN4VW5Yz0=
gopkg.in/check.v1 v1.0.0-20201130134442-10cb98267c6c h1:Hei/4ADfdWqJk1ZMxUNpqntNwaWcugrBjAiHlqqRiVk=
gopkg.in/check.v1 v1.0.0-20201130134442-10cb98267c6c/go.mod h1:JHkPIbrfpd72SG/EVd6muEfDQjcINNoR0C8j2r3qZ4Q=
gopkg.in/errgo.v2 v2.1.0/go.mod h1:hNsd1EY+bozCKY1Ytp96fpM3vjJbqLJn88ws8XvfDNI=
gopkg.in/fsnotify.v1 v1.4.7/go.mod h1:Tz8NjZHkW78fSQdbUxIjBTcgA1z1m8ZHf0WmKUhAMys=
gopkg.in/tomb.v1 v1.0.0-20141024135613-dd632973f1e7/go.mod h1:dt/ZhP58zS4L8KSrWDmTeBkI65Dw0HsyUHuEVlX15mw=
gopkg.in/yaml.v2 v2.2.2/go.mod h1:hI93XBmqTisBFMUTm0b8Fm+jr3Dg1NNxqwp+5A1VGuI=
gopkg.in/yaml.v2 v2.2.4/go.mod h1:hI93XBmqTisBFMUTm0b8Fm+jr3Dg1NNxqwp+5A1VGuI=
gopkg.in/yaml.v3 v3.0.0-20200313102051-9f266ea9e77c/go.mod h1:K4uyk7z7BCEPqu6E+C64Yfv1cQ7kz7rIZviUmN+EgEM=
gopkg.in/yaml.v3 v3.0.0-20210107192922-496545a6307b h1:h8qDotaEPuJATrMmW04NCwg7v22aHH28wwpauUhK9Oo=
gopkg.in/yaml.v3 v3.0.0-20210107192922-496545a6307b/go.mod h1:K4uyk7z7BCEPqu6E+C64Yfv1cQ7kz7rIZviUmN+EgEM=
